
Microsoft Visual Studio Solution File, Format Version 12.00
# Visual Studio Version 16
VisualStudioVersion = 16.0.31205.134
MinimumVisualStudioVersion = 10.0.40219.1
Project("{9A19103F-16F7-4668-BE54-9A1E7A4F7556}") = "SUREBusiness", "SUREBusiness\SUREBusiness.csproj", "{ED569FC0-0FC4-4B02-B964-385E9DFA8D45}"
EndProject
Project("{FAE04EC0-301F-11D3-BF4B-00C04F79EFBC}") = "SUREbusiness Unit Tests", "SUREbusiness Unit Tests\SUREbusiness Unit Tests.csproj", "{328EA8E5-A5CB-4767-8310-C1867FB02633}"
EndProject
Global
	GlobalSection(SolutionConfigurationPlatforms) = preSolution
		Debug|Any CPU = Debug|Any CPU
		Release|Any CPU = Release|Any CPU
	EndGlobalSection
	GlobalSection(ProjectConfigurationPlatforms) = postSolution
		{ED569FC0-0FC4-4B02-B964-385E9DFA8D45}.Debug|Any CPU.ActiveCfg = Debug|Any CPU
		{ED569FC0-0FC4-4B02-B964-385E9DFA8D45}.Debug|Any CPU.Build.0 = Debug|Any CPU
		{ED569FC0-0FC4-4B02-B964-385E9DFA8D45}.Release|Any CPU.ActiveCfg = Release|Any CPU
		{ED569FC0-0FC4-4B02-B964-385E9DFA8D45}.Release|Any CPU.Build.0 = Release|Any CPU
		{328EA8E5-A5CB-4767-8310-C1867FB02633}.Debug|Any CPU.ActiveCfg = Debug|Any CPU
		{328EA8E5-A5CB-4767-8310-C1867FB02633}.Debug|Any CPU.Build.0 = Debug|Any CPU
		{328EA8E5-A5CB-4767-8310-C1867FB02633}.Release|Any CPU.ActiveCfg = Release|Any CPU
		{328EA8E5-A5CB-4767-8310-C1867FB02633}.Release|Any CPU.Build.0 = Release|Any CPU
	EndGlobalSection
	GlobalSection(SolutionProperties) = preSolution
		HideSolutionNode = FALSE
	EndGlobalSection
	GlobalSection(ExtensibilityGlobals) = postSolution
		SolutionGuid = {AC11C77E-CC37-42AD-BCD4-704C176629A1}
	EndGlobalSection
EndGlobal
